// !$*UTF8*$!
{
	archiveVersion = 1;
	classes = {
	};
	objectVersion = 46;
	objects = {

/* Begin PBXBuildFile section */
		838497521DB933A300E696BB /* AppDelegate.swift in Sources */ = {isa = PBXBuildFile; fileRef = 838497511DB933A300E696BB /* AppDelegate.swift */; };
		838497541DB933A300E696BB /* ViewController.swift in Sources */ = {isa = PBXBuildFile; fileRef = 838497531DB933A300E696BB /* ViewController.swift */; };
		838497571DB933A300E696BB /* Main.storyboard in Resources */ = {isa = PBXBuildFile; fileRef = 838497551DB933A300E696BB /* Main.storyboard */; };
		8384975A1DB933A300E696BB /* PeliculasVJ.xcdatamodeld in Sources */ = {isa = PBXBuildFile; fileRef = 838497581DB933A300E696BB /* PeliculasVJ.xcdatamodeld */; };
		8384975C1DB933A300E696BB /* Assets.xcassets in Resources */ = {isa = PBXBuildFile; fileRef = 8384975B1DB933A300E696BB /* Assets.xcassets */; };
		8384975F1DB933A300E696BB /* LaunchScreen.storyboard in Resources */ = {isa = PBXBuildFile; fileRef = 8384975D1DB933A300E696BB /* LaunchScreen.storyboard */; };
/* End PBXBuildFile section */

/* Begin PBXFileReference section */
		8384974E1DB933A300E696BB /* PeliculasVJ.app */ = {isa = PBXFileReference; explicitFileType = wrapper.application; includeInIndex = 0; path = PeliculasVJ.app; sourceTree = BUILT_PRODUCTS_DIR; };
		838497511DB933A300E696BB /* AppDelegate.swift */ = {isa = PBXFileReference; lastKnownFileType = sourcecode.swift; path = AppDelegate.swift; sourceTree = "<group>"; };
		838497531DB933A300E696BB /* ViewController.swift */ = {isa = PBXFileReference; lastKnownFileType = sourcecode.swift; path = ViewController.swift; sourceTree = "<group>"; };
		838497561DB933A300E696BB /* Base */ = {isa = PBXFileReference; lastKnownFileType = file.storyboard; name = Base; path = Base.lproj/Main.storyboard; sourceTree = "<group>"; };
		838497591DB933A300E696BB /* PeliculasVJ.xcdatamodel */ = {isa = PBXFileReference; lastKnownFileType = wrapper.xcdatamodel; path = PeliculasVJ.xcdatamodel; sourceTree = "<group>"; };
		8384975B1DB933A300E696BB /* Assets.xcassets */ = {isa = PBXFileReference; lastKnownFileType = folder.assetcatalog; path = Assets.xcassets; sourceTree = "<group>"; };
		8384975E1DB933A300E696BB /* Base */ = {isa = PBXFileReference; lastKnownFileType = file.storyboard; name = Base; path = Base.lproj/LaunchScreen.storyboard; sourceTree = "<group>"; };
		838497601DB933A300E696BB /* Info.plist */ = {isa = PBXFileReference; lastKnownFileType = text.plist.xml; path = Info.plist; sourceTree = "<group>"; };
/* End PBXFileReference section */

/* Begin PBXFrameworksBuildPhase section */
		8384974B1DB933A300E696BB /* Frameworks */ = {
			isa = PBXFrameworksBuildPhase;
			buildActionMask = 2147483647;
			files = (
			);
			runOnlyForDeploymentPostprocessing = 0;
		};
/* End PBXFrameworksBuildPhase section */

/* Begin PBXGroup section */
		838497451DB933A300E696BB = {
			isa = PBXGroup;
			children = (
				838497501DB933A300E696BB /* PeliculasVJ */,
				8384974F1DB933A300E696BB /* Products */,
			);
			sourceTree = "<group>";
		};
		8384974F1DB933A300E696BB /* Products */ = {
			isa = PBXGroup;
			children = (
				8384974E1DB933A300E696BB /* PeliculasVJ.app */,
			);
			name = Products;
			sourceTree = "<group>";
		};
		838497501DB933A300E696BB /* PeliculasVJ */ = {
			isa = PBXGroup;
			children = (
				838497511DB933A300E696BB /* AppDelegate.swift */,
				838497531DB933A300E696BB /* ViewController.swift */,
				838497551DB933A300E696BB /* Main.storyboard */,
				8384975B1DB933A300E696BB /* Assets.xcassets */,
				8384975D1DB933A300E696BB /* LaunchScreen.storyboard */,
				838497601DB933A300E696BB /* Info.plist */,
				838497581DB933A300E696BB /* PeliculasVJ.xcdatamodeld */,
			);
			path = PeliculasVJ;
			sourceTree = "<group>";
		};
/* End PBXGroup section */

/* Begin PBXNativeTarget section */
		8384974D1DB933A300E696BB /* PeliculasVJ */ = {
			isa = PBXNativeTarget;
			buildConfigurationList = 838497631DB933A300E696BB /* Build configuration list for PBXNativeTarget "PeliculasVJ" */;
			buildPhases = (
				8384974A1DB933A300E696BB /* Sources */,
				8384974B1DB933A300E696BB /* Frameworks */,
				8384974C1DB933A300E696BB /* Resources */,
			);
			buildRules = (
			);
			dependencies = (
			);
			name = PeliculasVJ;
			productName = PeliculasVJ;
			productReference = 8384974E1DB933A300E696BB /* PeliculasVJ.app */;
			productType = "com.apple.product-type.application";
		};
/* End PBXNativeTarget section */

/* Begin PBXProject section */
		838497461DB933A300E696BB /* Project object */ = {
			isa = PBXProject;
			attributes = {
				LastSwiftUpdateCheck = 0800;
				LastUpgradeCheck = 0800;
				ORGANIZATIONNAME = "B303-19";
				TargetAttributes = {
					8384974D1DB933A300E696BB = {
						CreatedOnToolsVersion = 8.0;
						ProvisioningStyle = Automatic;
					};
				};
			};
			buildConfigurationList = 838497491DB933A300E696BB /* Build configuration list for PBXProject "PeliculasVJ" */;
			compatibilityVersion = "Xcode 3.2";
			developmentRegion = English;
			hasScannedForEncodings = 0;
			knownRegions = (
				en,
				Base,
			);
			mainGroup = 838497451DB933A300E696BB;
			productRefGroup = 8384974F1DB933A300E696BB /* Products */;
			projectDirPath = "";
			projectRoot = "";
			targets = (
				8384974D1DB933A300E696BB /* PeliculasVJ */,
			);
		};
/* End PBXProject section */

/* Begin PBXResourcesBuildPhase section */
		8384974C1DB933A300E696BB /* Resources */ = {
			isa = PBXResourcesBuildPhase;
			buildActionMask = 2147483647;
			files = (
				8384975F1DB933A300E696BB /* LaunchScreen.storyboard in Resources */,
				8384975C1DB933A300E696BB /* Assets.xcassets in Resources */,
				838497571DB933A300E696BB /* Main.storyboard in Resources */,
			);
			runOnlyForDeploymentPostprocessing = 0;
		};
/* End PBXResourcesBuildPhase section */

/* Begin PBXSourcesBuildPhase section */
		8384974A1DB933A300E696BB /* Sources */ = {
			isa = PBXSourcesBuildPhase;
			buildActionMask = 2147483647;
			files = (
				838497541DB933A300E696BB /* ViewController.swift in Sources */,
				8384975A1DB933A300E696BB /* PeliculasVJ.xcdatamodeld in Sources */,
				838497521DB933A300E696BB /* AppDelegate.swift in Sources */,
			);
			runOnlyForDeploymentPostprocessing = 0;
		};
/* End PBXSourcesBuildPhase section */

/* Begin PBXVariantGroup section */
		838497551DB933A300E696BB /* Main.storyboard */ = {
			isa = PBXVariantGroup;
			children = (
				838497561DB933A300E696BB /* Base */,
			);
			name = Main.storyboard;
			sourceTree = "<group>";
		};
		8384975D1DB933A300E696BB /* LaunchScreen.storyboard */ = {
			isa = PBXVariantGroup;
			children = (
				8384975E1DB933A300E696BB /* Base */,
			);
			name = LaunchScreen.storyboard;
			sourceTree = "<group>";
		};
/* End PBXVariantGroup section */

/* Begin XCBuildConfiguration section */
		838497611DB933A300E696BB /* Debug */ = {
			isa = XCBuildConfiguration;
			buildSettings = {
				ALWAYS_SEARCH_USER_PATHS = NO;
				CLANG_ANALYZER_NONNULL = YES;
				CLANG_CXX_LANGUAGE_STANDARD = "gnu++0x";
				CLANG_CXX_LIBRARY = "libc++";
				CLANG_ENABLE_MODULES = YES;
				CLANG_ENABLE_OBJC_ARC = YES;
				CLANG_WARN_BOOL_CONVERSION = YES;
				CLANG_WARN_CONSTANT_CONVERSION = YES;
				CLANG_WARN_DIRECT_OBJC_ISA_USAGE = YES_ERROR;
				CLANG_WARN_DOCUMENTATION_COMMENTS = YES;
				CLANG_WARN_EMPTY_BODY = YES;
				CLANG_WARN_ENUM_CONVERSION = YES;
				CLANG_WARN_INFINITE_RECURSION = YES;
				CLANG_WARN_INT_CONVERSION = YES;
				CLANG_WARN_OBJC_ROOT_CLASS = YES_ERROR;
				CLANG_WARN_SUSPICIOUS_MOVES = YES;
				CLANG_WARN_UNREACHABLE_CODE = YES;
				CLANG_WARN__DUPLICATE_METHOD_MATCH = YES;
				"CODE_SIGN_IDENTITY[sdk=iphoneos*]" = "iPhone Developer";
				COPY_PHASE_STRIP = NO;
				DEBUG_INFORMATION_FORMAT = dwarf;
				ENABLE_STRICT_OBJC_MSGSEND = YES;
				ENABLE_TESTABILITY = YES;
				GCC_C_LANGUAGE_STANDARD = gnu99;
				GCC_DYNAMIC_NO_PIC = NO;
				GCC_NO_COMMON_BLOCKS = YES;
				GCC_OPTIMIZATION_LEVEL = 0;
				GCC_PREPROCESSOR_DEFINITIONS = (
					"DEBUG=1",
					"$(inherited)",
				);
				GCC_WARN_64_TO_32_BIT_CONVERSION = YES;
				GCC_WARN_ABOUT_RETURN_TYPE = YES_ERROR;
				GCC_WARN_UNDECLARED_SELECTOR = YES;
				GCC_WARN_UNINITIALIZED_AUTOS = YES_AGGRESSIVE;
				GCC_WARN_UNUSED_FUNCTION = YES;
				GCC_WARN_UNUSED_VARIABLE = YES;
				IPHONEOS_DEPLOYMENT_TARGET = 10.0;
				MTL_ENABLE_DEBUG_INFO = YES;
				ONLY_ACTIVE_ARCH = YES;
				SDKROOT = iphoneos;
				SWIFT_ACTIVE_COMPILATION_CONDITIONS = DEBUG;
				SWIFT_OPTIMIZATION_LEVEL = "-Onone";
			};
			name = Debug;
		};
		838497621DB933A300E696BB /* Release */ = {
			isa = XCBuildConfiguration;
			buildSettings = {
				ALWAYS_SEARCH_USER_PATHS = NO;
				CLANG_ANALYZER_NONNULL = YES;
				CLANG_CXX_LANGUAGE_STANDARD = "gnu++0x";
				CLANG_CXX_LIBRARY = "libc++";
				CLANG_ENABLE_MODULES = YES;
				CLANG_ENABLE_OBJC_ARC = YES;
				CLANG_WARN_BOOL_CONVERSION = YES;
				CLANG_WARN_CONSTANT_CONVERSION = YES;
				CLANG_WARN_DIRECT_OBJC_ISA_USAGE = YES_ERROR;
				CLANG_WARN_DOCUMENTATION_COMMENTS = YES;
				CLANG_WARN_EMPTY_BODY = YES;
				CLANG_WARN_ENUM_CONVERSION = YES;
				CLANG_WARN_INFINITE_RECURSION = YES;
				CLANG_WARN_INT_CONVERSION = YES;
				CLANG_WARN_OBJC_ROOT_CLASS = YES_ERROR;
				CLANG_WARN_SUSPICIOUS_MOVES = YES;
				CLANG_WARN_UNREACHABLE_CODE = YES;
				CLANG_WARN__DUPLICATE_METHOD_MATCH = YES;
				"CODE_SIGN_IDENTITY[sdk=iphoneos*]" = "iPhone Developer";
				COPY_PHASE_STRIP = NO;
				DEBUG_INFORMATION_FORMAT = "dwarf-with-dsym";
				ENABLE_NS_ASSERTIONS = NO;
				ENABLE_STRICT_OBJC_MSGSEND = YES;
				GCC_C_LANGUAGE_STANDARD = gnu99;
				GCC_NO_COMMON_BLOCKS = YES;
				GCC_WARN_64_TO_32_BIT_CONVERSION = YES;
				GCC_WARN_ABOUT_RETURN_TYPE = YES_ERROR;
				GCC_WARN_UNDECLARED_SELECTOR = YES;
				GCC_WARN_UNINITIALIZED_AUTOS = YES_AGGRESSIVE;
				GCC_WARN_UNUSED_FUNCTION = YES;
				GCC_WARN_UNUSED_VARIABLE = YES;
				IPHONEOS_DEPLOYMENT_TARGET = 10.0;
				MTL_ENABLE_DEBUG_INFO = NO;
				SDKROOT = iphoneos;
				SWIFT_OPTIMIZATION_LEVEL = "-Owholemodule";
				VALIDATE_PRODUCT = YES;
			};
			name = Release;
		};
		838497641DB933A300E696BB /* Debug */ = {
			isa = XCBuildConfiguration;
			buildSettings = {
				ASSETCATALOG_COMPILER_APPICON_NAME = AppIcon;
				INFOPLIST_FILE = PeliculasVJ/Info.plist;
				LD_RUNPATH_SEARCH_PATHS = "$(inherited) @executable_path/Frameworks";
				PRODUCT_BUNDLE_IDENTIFIER = com.isil.PeliculasVJ;
				PRODUCT_NAME = "$(TARGET_NAME)";
				SWIFT_VERSION = 3.0;
			};
			name = Debug;
		};
		838497651DB933A300E696BB /* Release */ = {
			isa = XCBuildConfiguration;
			buildSettings = {
				ASSETCATALOG_COMPILER_APPICON_NAME = AppIcon;
				INFOPLIST_FILE = PeliculasVJ/Info.plist;
				LD_RUNPATH_SEARCH_PATHS = "$(inherited) @executable_path/Frameworks";
				PRODUCT_BUNDLE_IDENTIFIER = com.isil.PeliculasVJ;
				PRODUCT_NAME = "$(TARGET_NAME)";
				SWIFT_VERSION = 3.0;
			};
			name = Release;
		};
/* End XCBuildConfiguration section */

/* Begin XCConfigurationList section */
		838497491DB933A300E696BB /* Build configuration list for PBXProject "PeliculasVJ" */ = {
			isa = XCConfigurationList;
			buildConfigurations = (
				838497611DB933A300E696BB /* Debug */,
				838497621DB933A300E696BB /* Release */,
			);
			defaultConfigurationIsVisible = 0;
			defaultConfigurationName = Release;
		};
		838497631DB933A300E696BB /* Build configuration list for PBXNativeTarget "PeliculasVJ" */ = {
			isa = XCConfigurationList;
			buildConfigurations = (
				838497641DB933A300E696BB /* Debug */,
				838497651DB933A300E696BB /* Release */,
			);
			defaultConfigurationIsVisible = 0;
		};
/* End XCConfigurationList section */

/* Begin XCVersionGroup section */
		838497581DB933A300E696BB /* PeliculasVJ.xcdatamodeld */ = {
			isa = XCVersionGroup;
			children = (
				838497591DB933A300E696BB /* PeliculasVJ.xcdatamodel */,
			);
			currentVersion = 838497591DB933A300E696BB /* PeliculasVJ.xcdatamodel */;
			path = PeliculasVJ.xcdatamodeld;
			sourceTree = "<group>";
			versionGroupType = wrapper.xcdatamodel;
		};
/* End XCVersionGroup section */
	};
	rootObject = 838497461DB933A300E696BB /* Project object */;
}
